# THIS IS AN AUTOGENERATED FILE. DO NOT EDIT THIS FILE DIRECTLY.
# yarn lockfile v1


"@antchain/jssdk@^1.0.0-beta.14":
  version "1.0.0-beta.14"
  resolved "https://registry.npm.alibaba-inc.com/@antchain/jssdk/download/@antchain/jssdk-1.0.0-beta.14.tgz#ff138f4b94299867e13f59f61f12d3667ced6ada"
  integrity sha512-7odULvRrC9HULyA3YoULP59m38V/a7Tl1fhYXaogHCPIHlksTBNUFNJI+0d95Am0GWUr9zwrXaU94WjWUMS2Eg==
  dependencies:
    "@babel/runtime" "^7.18.9"
    asn1.js "^5.0.1"
    axios "^0.24.0"
    bignumber.js "^2.0.7"
    bn.js "^4.11.3"
    browser-passworder "^2.0.3"
    browserify-aes "^1.2.0"
    create-hash "^1.2.0"
    crypto-js "^3.1.4"
    debug "^4.3.2"
    elliptic "^6.5.4"
    events "^3.3.0"
    fcbuffer "2.2.2"
    is-electron "^2.2.1"
    js-encoding-utils "^0.5.2"
    json-rpc-engine "^6.1.0"
    json-rpc-middleware-stream "^3.0.0"
    md5.js "^1.3.5"
    nanoid "^3.1.30"
    node-forge "^0.10.0"
    public-encrypt "^4.0.3"
    pump "^3.0.0"
    readable-stream "^3.6.0"
    rlp "^2.1.0"
    safe-buffer "^5.1.2"
    secp256k1 "^3.8.0"
    uuid "^8.3.2"

"@babel/runtime@^7.17.2", "@babel/runtime@^7.18.9":
  version "7.19.4"
  resolved "https://registry.npm.alibaba-inc.com/@babel/runtime/download/@babel/runtime-7.19.4.tgz#a42f814502ee467d55b38dd1c256f53a7b885c78"
  integrity sha512-EXpLCrk55f+cYqmHsSR+yD/0gAIMxxA9QK9lnQWzhMCvt+YmoBN7Zx94s++Kv0+unHk39vxNO8t+CMA2WSS3wA==
  dependencies:
    regenerator-runtime "^0.13.4"

"@metamask/safe-event-emitter@^2.0.0":
  version "2.0.0"
  resolved "https://registry.npm.alibaba-inc.com/@metamask/safe-event-emitter/download/@metamask/safe-event-emitter-2.0.0.tgz#af577b477c683fad17c619a78208cede06f9605c"
  integrity sha1-r1d7R3xoP60XxhmnggjO3gb5YFw=

"@mini-types/alipay@release":
  version "2.0.6"
  resolved "https://registry.npm.alibaba-inc.com/@mini-types/alipay/download/@mini-types/alipay-2.0.6.tgz#d5aab4a901a9e0eaab89bd4a656d738a090a8617"
  integrity sha512-xoy3ywna0Pk33kRHbl9wyEPnBsow5gBJ6CFGIpPfthk7zoU30ubKCTGf4AcNUr4u9RnHGt5hnTn4Pel2G+TGnA==
  dependencies:
    "@mini-types/global" "2.0.6"
    "@mini-types/my" "2.0.6"

"@mini-types/global@2.0.6":
  version "2.0.6"
  resolved "https://registry.npm.alibaba-inc.com/@mini-types/global/download/@mini-types/global-2.0.6.tgz#a7aef25aa101ae55c9c2abfdcce8c9af9e4b9311"
  integrity sha512-rBN0fHAkhQX+wthWNIbGFvF1IAzaTXVe5he2yotSrwBpwA5BLtWW6ddDA7VgHAZAUtNakL0wJsV2FVX9KEv8Wg==

"@mini-types/my@2.0.6":
  version "2.0.6"
  resolved "https://registry.npm.alibaba-inc.com/@mini-types/my/download/@mini-types/my-2.0.6.tgz#9546acda72e3ac34e8f47110b1ab9cd775a7f1ff"
  integrity sha512-yTM0EG53zaAeL8H57HeOGGeR5wllw/UqLhC86ECl8X8w536ZBdyYOBKUyaEbHjz7eIBswKOqM+09G3pY1RyWig==

antd-mini@^0.0.22:
  version "0.0.22"
  resolved "https://registry.npm.alibaba-inc.com/antd-mini/download/antd-mini-0.0.22.tgz#542c81bce18816ae03ab4a6f5fea8b46e5ce8fc6"
  integrity sha512-rQxqCT8f2xkZZpfOOLnzRZsnSxTYQAsvWLHsmiGi3m1sjDBJof7Zy5hCHDn0eSCcQZ/v58R3K95L9Xan57wqGA==
  dependencies:
    "@babel/runtime" "^7.17.2"
    async-validator "^4.0.7"
    dayjs "^1.11.3"
    fast-deep-equal "3.1.3"
    tslib "^2.3.1"

asn1.js@^5.0.1, asn1.js@^5.2.0:
  version "5.4.1"
  resolved "https://registry.npm.alibaba-inc.com/asn1.js/download/asn1.js-5.4.1.tgz#11a980b84ebb91781ce35b0fdc2ee294e3783f07"
  integrity sha1-EamAuE67kXgc41sP3C7ilON4Pwc=
  dependencies:
    bn.js "^4.0.0"
    inherits "^2.0.1"
    minimalistic-assert "^1.0.0"
    safer-buffer "^2.1.0"

async-validator@^4.0.7:
  version "4.2.5"
  resolved "https://registry.npm.alibaba-inc.com/async-validator/download/async-validator-4.2.5.tgz#c96ea3332a521699d0afaaceed510a54656c6339"
  integrity sha512-7HhHjtERjqlNbZtqNqy2rckN/SpOOlmDliet+lP7k+eKZEjPk3DgyeU9lIXLdeLz0uBbbVp+9Qdow9wJWgwwfg==

axios@^0.24.0:
  version "0.24.0"
  resolved "https://registry.npm.alibaba-inc.com/axios/download/axios-0.24.0.tgz#804e6fa1e4b9c5288501dd9dff56a7a0940d20d6"
  integrity sha1-gE5voeS5xSiFAd2d/1anoJQNINY=
  dependencies:
    follow-redirects "^1.14.4"

bignumber.js@^2.0.7:
  version "2.4.0"
  resolved "https://registry.npm.alibaba-inc.com/bignumber.js/download/bignumber.js-2.4.0.tgz#838a992da9f9d737e0f4b2db0be62bb09dd0c5e8"
  integrity sha1-g4qZLan51zfg9LLbC+YrsJ3Qxeg=

bindings@^1.5.0:
  version "1.5.0"
  resolved "https://registry.npm.alibaba-inc.com/bindings/download/bindings-1.5.0.tgz#10353c9e945334bc0511a6d90b38fbc7c9c504df"
  integrity sha1-EDU8npRTNLwFEabZCzj7x8nFBN8=
  dependencies:
    file-uri-to-path "1.0.0"

bip66@^1.1.5:
  version "1.1.5"
  resolved "https://registry.npm.alibaba-inc.com/bip66/download/bip66-1.1.5.tgz#01fa8748785ca70955d5011217d1b3139969ca22"
  integrity sha1-AfqHSHhcpwlV1QESF9GzE5lpyiI=
  dependencies:
    safe-buffer "^5.0.1"

bn.js@^4.0.0, bn.js@^4.1.0, bn.js@^4.11.3, bn.js@^4.11.8, bn.js@^4.11.9:
  version "4.12.0"
  resolved "https://registry.npm.alibaba-inc.com/bn.js/download/bn.js-4.12.0.tgz#775b3f278efbb9718eec7361f483fb36fbbfea88"
  integrity sha1-d1s/J477uXGO7HNh9IP7Nvu/6og=

bn.js@^5.0.0, bn.js@^5.2.0:
  version "5.2.1"
  resolved "https://registry.npm.alibaba-inc.com/bn.js/download/bn.js-5.2.1.tgz#0bc527a6a0d18d0aa8d5b0538ce4a77dccfa7b70"
  integrity sha512-eXRvHzWyYPBuB4NBy0cmYQjGitUrtqwbvlzP3G6VFnNRbsZQIxQ10PbKKHt8gZ/HW/D/747aDl+QkDqg3KQLMQ==

brorand@^1.1.0:
  version "1.1.0"
  resolved "https://registry.npm.alibaba-inc.com/brorand/download/brorand-1.1.0.tgz#12c25efe40a45e3c323eb8675a0a0ce57b22371f"
  integrity sha1-EsJe/kCkXjwyPrhnWgoM5XsiNx8=

browser-passworder@^2.0.3:
  version "2.0.3"
  resolved "https://registry.npm.alibaba-inc.com/browser-passworder/download/browser-passworder-2.0.3.tgz#6fdd2082e516a176edbcb3dcee0b7f9fce4f7917"
  integrity sha1-b90gguUWoXbtvLPc7gt/n85PeRc=
  dependencies:
    browserify-unibabel "^3.0.0"

browserify-aes@^1.0.0, browserify-aes@^1.0.6, browserify-aes@^1.2.0:
  version "1.2.0"
  resolved "https://registry.npm.alibaba-inc.com/browserify-aes/download/browserify-aes-1.2.0.tgz#326734642f403dabc3003209853bb70ad428ef48"
  integrity sha1-Mmc0ZC9APavDADIJhTu3CtQo70g=
  dependencies:
    buffer-xor "^1.0.3"
    cipher-base "^1.0.0"
    create-hash "^1.1.0"
    evp_bytestokey "^1.0.3"
    inherits "^2.0.1"
    safe-buffer "^5.0.1"

browserify-rsa@^4.0.0:
  version "4.1.0"
  resolved "https://registry.npm.alibaba-inc.com/browserify-rsa/download/browserify-rsa-4.1.0.tgz#b2fd06b5b75ae297f7ce2dc651f918f5be158c8d"
  integrity sha1-sv0Gtbda4pf3zi3GUfkY9b4VjI0=
  dependencies:
    bn.js "^5.0.0"
    randombytes "^2.0.1"

browserify-unibabel@^3.0.0:
  version "3.0.0"
  resolved "https://registry.npm.alibaba-inc.com/browserify-unibabel/download/browserify-unibabel-3.0.0.tgz#5a6b8f0f704ce388d3927df47337e25830f71dda"
  integrity sha1-WmuPD3BM44jTkn30czfiWDD3Hdo=

buffer-xor@^1.0.3:
  version "1.0.3"
  resolved "https://registry.npm.alibaba-inc.com/buffer-xor/download/buffer-xor-1.0.3.tgz#26e61ed1422fb70dd42e6e36729ed51d855fe8d9"
  integrity sha1-JuYe0UIvtw3ULm42cp7VHYVf6Nk=

bytebuffer@^5.0.1:
  version "5.0.1"
  resolved "https://registry.npm.alibaba-inc.com/bytebuffer/download/bytebuffer-5.0.1.tgz#582eea4b1a873b6d020a48d58df85f0bba6cfddd"
  integrity sha1-WC7qSxqHO20CCkjVjfhfC7ps/d0=
  dependencies:
    long "~3"

cipher-base@^1.0.0, cipher-base@^1.0.1, cipher-base@^1.0.3:
  version "1.0.4"
  resolved "https://registry.npm.alibaba-inc.com/cipher-base/download/cipher-base-1.0.4.tgz#8760e4ecc272f4c363532f926d874aae2c1397de"
  integrity sha1-h2Dk7MJy9MNjUy+SbYdKriwTl94=
  dependencies:
    inherits "^2.0.1"
    safe-buffer "^5.0.1"

core-util-is@~1.0.0:
  version "1.0.3"
  resolved "https://registry.npm.alibaba-inc.com/core-util-is/download/core-util-is-1.0.3.tgz#a6042d3634c2b27e9328f837b965fac83808db85"
  integrity sha1-pgQtNjTCsn6TKPg3uWX6yDgI24U=

create-hash@^1.1.0, create-hash@^1.1.2, create-hash@^1.2.0:
  version "1.2.0"
  resolved "https://registry.npm.alibaba-inc.com/create-hash/download/create-hash-1.2.0.tgz#889078af11a63756bcfb59bd221996be3a9ef196"
  integrity sha1-iJB4rxGmN1a8+1m9IhmWvjqe8ZY=
  dependencies:
    cipher-base "^1.0.1"
    inherits "^2.0.1"
    md5.js "^1.3.4"
    ripemd160 "^2.0.1"
    sha.js "^2.4.0"

create-hmac@^1.1.4:
  version "1.1.7"
  resolved "https://registry.npm.alibaba-inc.com/create-hmac/download/create-hmac-1.1.7.tgz#69170c78b3ab957147b2b8b04572e47ead2243ff"
  integrity sha1-aRcMeLOrlXFHsriwRXLkfq0iQ/8=
  dependencies:
    cipher-base "^1.0.3"
    create-hash "^1.1.0"
    inherits "^2.0.1"
    ripemd160 "^2.0.0"
    safe-buffer "^5.0.1"
    sha.js "^2.4.8"

crypto-js@^3.1.4:
  version "3.3.0"
  resolved "https://registry.npm.alibaba-inc.com/crypto-js/download/crypto-js-3.3.0.tgz#846dd1cce2f68aacfa156c8578f926a609b7976b"
  integrity sha1-hG3RzOL2iqz6FWyFePkmpgm3l2s=

dayjs@^1.11.3:
  version "1.11.5"
  resolved "https://registry.npm.alibaba-inc.com/dayjs/download/dayjs-1.11.5.tgz#00e8cc627f231f9499c19b38af49f56dc0ac5e93"
  integrity sha512-CAdX5Q3YW3Gclyo5Vpqkgpj8fSdLQcRuzfX6mC6Phy0nfJ0eGYOeS7m4mt2plDWLAtA4TqTakvbboHvUxfe4iA==

debug@^4.3.2:
  version "4.3.4"
  resolved "https://registry.npm.alibaba-inc.com/debug/download/debug-4.3.4.tgz#1319f6579357f2338d3337d2cdd4914bb5dcc865"
  integrity sha512-PRWFHuSU3eDtQJPvnNY7Jcket1j0t5OuOsFzPPzsekD52Zl8qUfFIPEiswXqIvHWGVHOgX+7G/vCNNhehwxfkQ==
  dependencies:
    ms "2.1.2"

drbg.js@^1.0.1:
  version "1.0.1"
  resolved "https://registry.npm.alibaba-inc.com/drbg.js/download/drbg.js-1.0.1.tgz#3e36b6c42b37043823cdbc332d58f31e2445480b"
  integrity sha1-Pja2xCs3BDgjzbwzLVjzHiRFSAs=
  dependencies:
    browserify-aes "^1.0.6"
    create-hash "^1.1.2"
    create-hmac "^1.1.4"

elliptic@^6.5.2, elliptic@^6.5.4:
  version "6.5.4"
  resolved "https://registry.npm.alibaba-inc.com/elliptic/download/elliptic-6.5.4.tgz#da37cebd31e79a1367e941b592ed1fbebd58abbb"
  integrity sha1-2jfOvTHnmhNn6UG1ku0fvr1Yq7s=
  dependencies:
    bn.js "^4.11.9"
    brorand "^1.1.0"
    hash.js "^1.0.0"
    hmac-drbg "^1.0.1"
    inherits "^2.0.4"
    minimalistic-assert "^1.0.1"
    minimalistic-crypto-utils "^1.0.1"

end-of-stream@^1.1.0:
  version "1.4.4"
  resolved "https://registry.npm.alibaba-inc.com/end-of-stream/download/end-of-stream-1.4.4.tgz#5ae64a5f45057baf3626ec14da0ca5e4b2431eb0"
  integrity sha1-WuZKX0UFe682JuwU2gyl5LJDHrA=
  dependencies:
    once "^1.4.0"

eth-rpc-errors@^4.0.2:
  version "4.0.3"
  resolved "https://registry.npm.alibaba-inc.com/eth-rpc-errors/download/eth-rpc-errors-4.0.3.tgz#6ddb6190a4bf360afda82790bb7d9d5e724f423a"
  integrity sha1-bdthkKS/Ngr9qCeQu32dXnJPQjo=
  dependencies:
    fast-safe-stringify "^2.0.6"

events@^3.3.0:
  version "3.3.0"
  resolved "https://registry.npm.alibaba-inc.com/events/download/events-3.3.0.tgz#31a95ad0a924e2d2c419a813aeb2c4e878ea7400"
  integrity sha1-Mala0Kkk4tLEGagTrrLE6HjqdAA=

evp_bytestokey@^1.0.0, evp_bytestokey@^1.0.3:
  version "1.0.3"
  resolved "https://registry.npm.alibaba-inc.com/evp_bytestokey/download/evp_bytestokey-1.0.3.tgz#7fcbdb198dc71959432efe13842684e0525acb02"
  integrity sha1-f8vbGY3HGVlDLv4ThCaE4FJaywI=
  dependencies:
    md5.js "^1.3.4"
    safe-buffer "^5.1.1"

fast-deep-equal@3.1.3:
  version "3.1.3"
  resolved "https://registry.npm.alibaba-inc.com/fast-deep-equal/download/fast-deep-equal-3.1.3.tgz#3a7d56b559d6cbc3eb512325244e619a65c6c525"
  integrity sha1-On1WtVnWy8PrUSMlJE5hmmXGxSU=

fast-safe-stringify@^2.0.6:
  version "2.1.1"
  resolved "https://registry.npm.alibaba-inc.com/fast-safe-stringify/download/fast-safe-stringify-2.1.1.tgz#c406a83b6e70d9e35ce3b30a81141df30aeba884"
  integrity sha1-xAaoO25w2eNc47MKgRQd8wrrqIQ=

fcbuffer@2.2.2:
  version "2.2.2"
  resolved "https://registry.npm.alibaba-inc.com/fcbuffer/download/fcbuffer-2.2.2.tgz#987d10062c46a8bfea27da77c964f43e9e25a014"
  integrity sha1-mH0QBixGqL/qJ9p3yWT0Pp4loBQ=
  dependencies:
    bn.js "^4.11.8"
    bytebuffer "^5.0.1"
    ieee-float "^0.6.0"

file-uri-to-path@1.0.0:
  version "1.0.0"
  resolved "https://registry.npm.alibaba-inc.com/file-uri-to-path/download/file-uri-to-path-1.0.0.tgz#553a7b8446ff6f684359c445f1e37a05dacc33dd"
  integrity sha1-VTp7hEb/b2hDWcRF8eN6BdrMM90=

follow-redirects@^1.14.4:
  version "1.15.2"
  resolved "https://registry.npm.alibaba-inc.com/follow-redirects/download/follow-redirects-1.15.2.tgz#b460864144ba63f2681096f274c4e57026da2c13"
  integrity sha512-VQLG33o04KaQ8uYi2tVNbdrWp1QWxNNea+nmIB4EVM28v0hmP17z7aG1+wAkNzVq4KeXTq3221ye5qTJP91JwA==

hash-base@^3.0.0:
  version "3.1.0"
  resolved "https://registry.npm.alibaba-inc.com/hash-base/download/hash-base-3.1.0.tgz#55c381d9e06e1d2997a883b4a3fddfe7f0d3af33"
  integrity sha1-VcOB2eBuHSmXqIO0o/3f5/DTrzM=
  dependencies:
    inherits "^2.0.4"
    readable-stream "^3.6.0"
    safe-buffer "^5.2.0"

hash.js@^1.0.0, hash.js@^1.0.3:
  version "1.1.7"
  resolved "https://registry.npm.alibaba-inc.com/hash.js/download/hash.js-1.1.7.tgz#0babca538e8d4ee4a0f8988d68866537a003cf42"
  integrity sha1-C6vKU46NTuSg+JiNaIZlN6ADz0I=
  dependencies:
    inherits "^2.0.3"
    minimalistic-assert "^1.0.1"

hmac-drbg@^1.0.1:
  version "1.0.1"
  resolved "https://registry.npm.alibaba-inc.com/hmac-drbg/download/hmac-drbg-1.0.1.tgz#d2745701025a6c775a6c545793ed502fc0c649a1"
  integrity sha1-0nRXAQJabHdabFRXk+1QL8DGSaE=
  dependencies:
    hash.js "^1.0.3"
    minimalistic-assert "^1.0.0"
    minimalistic-crypto-utils "^1.0.1"

ieee-float@^0.6.0:
  version "0.6.0"
  resolved "https://registry.npm.alibaba-inc.com/ieee-float/download/ieee-float-0.6.0.tgz#a68a856ba1ef511e7fa0e7e7e155c3a63642a55d"
  integrity sha1-poqFa6HvUR5/oOfn4VXDpjZCpV0=

inherits@^2.0.1, inherits@^2.0.3, inherits@^2.0.4, inherits@~2.0.3:
  version "2.0.4"
  resolved "https://registry.npm.alibaba-inc.com/inherits/download/inherits-2.0.4.tgz#0fa2c64f932917c3433a0ded55363aae37416b7c"
  integrity sha1-D6LGT5MpF8NDOg3tVTY6rjdBa3w=

is-electron@^2.2.1:
  version "2.2.1"
  resolved "https://registry.npm.alibaba-inc.com/is-electron/download/is-electron-2.2.1.tgz#751b1dd8a74907422faa5c35aaa0cf66d98086e9"
  integrity sha1-dRsd2KdJB0Ivqlw1qqDPZtmAhuk=

isarray@~1.0.0:
  version "1.0.0"
  resolved "https://registry.npm.alibaba-inc.com/isarray/download/isarray-1.0.0.tgz#bb935d48582cba168c06834957a54a3e07124f11"
  integrity sha1-u5NdSFgsuhaMBoNJV6VKPgcSTxE=

js-encoding-utils@^0.5.2:
  version "0.5.6"
  resolved "https://registry.npm.alibaba-inc.com/js-encoding-utils/download/js-encoding-utils-0.5.6.tgz#517351d8f4a85b2ad121183d41df8319981bee03"
  integrity sha1-UXNR2PSoWyrRIRg9Qd+DGZgb7gM=

json-rpc-engine@^6.1.0:
  version "6.1.0"
  resolved "https://registry.npm.alibaba-inc.com/json-rpc-engine/download/json-rpc-engine-6.1.0.tgz#bf5ff7d029e1c1bf20cb6c0e9f348dcd8be5a393"
  integrity sha1-v1/30Cnhwb8gy2wOnzSNzYvlo5M=
  dependencies:
    "@metamask/safe-event-emitter" "^2.0.0"
    eth-rpc-errors "^4.0.2"

json-rpc-middleware-stream@^3.0.0:
  version "3.0.0"
  resolved "https://registry.npm.alibaba-inc.com/json-rpc-middleware-stream/download/json-rpc-middleware-stream-3.0.0.tgz#8540331d884f36b9e0ad31054cc68ac6b5a89b52"
  integrity sha1-hUAzHYhPNrngrTEFTMaKxrWom1I=
  dependencies:
    "@metamask/safe-event-emitter" "^2.0.0"
    readable-stream "^2.3.3"

long@~3:
  version "3.2.0"
  resolved "https://registry.npm.alibaba-inc.com/long/download/long-3.2.0.tgz#d821b7138ca1cb581c172990ef14db200b5c474b"
  integrity sha1-2CG3E4yhy1gcFymQ7xTbIAtcR0s=

md5.js@^1.3.4, md5.js@^1.3.5:
  version "1.3.5"
  resolved "https://registry.npm.alibaba-inc.com/md5.js/download/md5.js-1.3.5.tgz#b5d07b8e3216e3e27cd728d72f70d1e6a342005f"
  integrity sha1-tdB7jjIW4+J81yjXL3DR5qNCAF8=
  dependencies:
    hash-base "^3.0.0"
    inherits "^2.0.1"
    safe-buffer "^5.1.2"

minimalistic-assert@^1.0.0, minimalistic-assert@^1.0.1:
  version "1.0.1"
  resolved "https://registry.npm.alibaba-inc.com/minimalistic-assert/download/minimalistic-assert-1.0.1.tgz#2e194de044626d4a10e7f7fbc00ce73e83e4d5c7"
  integrity sha1-LhlN4ERibUoQ5/f7wAznPoPk1cc=

minimalistic-crypto-utils@^1.0.1:
  version "1.0.1"
  resolved "https://registry.npm.alibaba-inc.com/minimalistic-crypto-utils/download/minimalistic-crypto-utils-1.0.1.tgz#f6c00c1c0b082246e5c4d99dfb8c7c083b2b582a"
  integrity sha1-9sAMHAsIIkblxNmd+4x8CDsrWCo=

ms@2.1.2:
  version "2.1.2"
  resolved "https://registry.npm.alibaba-inc.com/ms/download/ms-2.1.2.tgz#d09d1f357b443f493382a8eb3ccd183872ae6009"
  integrity sha1-0J0fNXtEP0kzgqjrPM0YOHKuYAk=

nan@^2.14.0:
  version "2.17.0"
  resolved "https://registry.npm.alibaba-inc.com/nan/download/nan-2.17.0.tgz#c0150a2368a182f033e9aa5195ec76ea41a199cb"
  integrity sha512-2ZTgtl0nJsO0KQCjEpxcIr5D+Yv90plTitZt9JBfQvVJDS5seMl3FOvsh3+9CoYWXf/1l5OaZzzF6nDm4cagaQ==

nanoid@^3.1.30:
  version "3.3.4"
  resolved "https://registry.npm.alibaba-inc.com/nanoid/download/nanoid-3.3.4.tgz#730b67e3cd09e2deacf03c027c81c9d9dbc5e8ab"
  integrity sha512-MqBkQh/OHTS2egovRtLk45wEyNXwF+cokD+1YPf9u5VfJiRdAiRwB2froX5Co9Rh20xs4siNPm8naNotSD6RBw==

node-forge@^0.10.0:
  version "0.10.0"
  resolved "https://registry.npm.alibaba-inc.com/node-forge/download/node-forge-0.10.0.tgz#32dea2afb3e9926f02ee5ce8794902691a676bf3"
  integrity sha1-Mt6ir7Ppkm8C7lzoeUkCaRpna/M=

once@^1.3.1, once@^1.4.0:
  version "1.4.0"
  resolved "https://registry.npm.alibaba-inc.com/once/download/once-1.4.0.tgz#583b1aa775961d4b113ac17d9c50baef9dd76bd1"
  integrity sha1-WDsap3WWHUsROsF9nFC6753Xa9E=
  dependencies:
    wrappy "1"

parse-asn1@^5.0.0:
  version "5.1.6"
  resolved "https://registry.npm.alibaba-inc.com/parse-asn1/download/parse-asn1-5.1.6.tgz#385080a3ec13cb62a62d39409cb3e88844cdaed4"
  integrity sha1-OFCAo+wTy2KmLTlAnLPoiETNrtQ=
  dependencies:
    asn1.js "^5.2.0"
    browserify-aes "^1.0.0"
    evp_bytestokey "^1.0.0"
    pbkdf2 "^3.0.3"
    safe-buffer "^5.1.1"

pbkdf2@^3.0.3:
  version "3.1.2"
  resolved "https://registry.npm.alibaba-inc.com/pbkdf2/download/pbkdf2-3.1.2.tgz#dd822aa0887580e52f1a039dc3eda108efae3075"
  integrity sha1-3YIqoIh1gOUvGgOdw+2hCO+uMHU=
  dependencies:
    create-hash "^1.1.2"
    create-hmac "^1.1.4"
    ripemd160 "^2.0.1"
    safe-buffer "^5.0.1"
    sha.js "^2.4.8"

process-nextick-args@~2.0.0:
  version "2.0.1"
  resolved "https://registry.npm.alibaba-inc.com/process-nextick-args/download/process-nextick-args-2.0.1.tgz#7820d9b16120cc55ca9ae7792680ae7dba6d7fe2"
  integrity sha1-eCDZsWEgzFXKmud5JoCufbptf+I=

public-encrypt@^4.0.3:
  version "4.0.3"
  resolved "https://registry.npm.alibaba-inc.com/public-encrypt/download/public-encrypt-4.0.3.tgz#4fcc9d77a07e48ba7527e7cbe0de33d0701331e0"
  integrity sha1-T8ydd6B+SLp1J+fL4N4z0HATMeA=
  dependencies:
    bn.js "^4.1.0"
    browserify-rsa "^4.0.0"
    create-hash "^1.1.0"
    parse-asn1 "^5.0.0"
    randombytes "^2.0.1"
    safe-buffer "^5.1.2"

pump@^3.0.0:
  version "3.0.0"
  resolved "https://registry.npm.alibaba-inc.com/pump/download/pump-3.0.0.tgz#b4a2116815bde2f4e1ea602354e8c75565107a64"
  integrity sha1-tKIRaBW94vTh6mAjVOjHVWUQemQ=
  dependencies:
    end-of-stream "^1.1.0"
    once "^1.3.1"

randombytes@^2.0.1:
  version "2.1.0"
  resolved "https://registry.npm.alibaba-inc.com/randombytes/download/randombytes-2.1.0.tgz#df6f84372f0270dc65cdf6291349ab7a473d4f2a"
  integrity sha1-32+ENy8CcNxlzfYpE0mrekc9Tyo=
  dependencies:
    safe-buffer "^5.1.0"

readable-stream@^2.3.3:
  version "2.3.7"
  resolved "https://registry.npm.alibaba-inc.com/readable-stream/download/readable-stream-2.3.7.tgz#1eca1cf711aef814c04f62252a36a62f6cb23b57"
  integrity sha1-Hsoc9xGu+BTAT2IlKjamL2yyO1c=
  dependencies:
    core-util-is "~1.0.0"
    inherits "~2.0.3"
    isarray "~1.0.0"
    process-nextick-args "~2.0.0"
    safe-buffer "~5.1.1"
    string_decoder "~1.1.1"
    util-deprecate "~1.0.1"

readable-stream@^3.6.0:
  version "3.6.0"
  resolved "https://registry.npm.alibaba-inc.com/readable-stream/download/readable-stream-3.6.0.tgz#337bbda3adc0706bd3e024426a286d4b4b2c9198"
  integrity sha1-M3u9o63AcGvT4CRCaihtS0sskZg=
  dependencies:
    inherits "^2.0.3"
    string_decoder "^1.1.1"
    util-deprecate "^1.0.1"

regenerator-runtime@^0.13.4:
  version "0.13.9"
  resolved "https://registry.npm.alibaba-inc.com/regenerator-runtime/download/regenerator-runtime-0.13.9.tgz#8925742a98ffd90814988d7566ad30ca3b263b52"
  integrity sha1-iSV0Kpj/2QgUmI11Zq0wyjsmO1I=

ripemd160@^2.0.0, ripemd160@^2.0.1:
  version "2.0.2"
  resolved "https://registry.npm.alibaba-inc.com/ripemd160/download/ripemd160-2.0.2.tgz#a1c1a6f624751577ba5d07914cbc92850585890c"
  integrity sha1-ocGm9iR1FXe6XQeRTLyShQWFiQw=
  dependencies:
    hash-base "^3.0.0"
    inherits "^2.0.1"

rlp@^2.1.0:
  version "2.2.7"
  resolved "https://registry.npm.alibaba-inc.com/rlp/download/rlp-2.2.7.tgz#33f31c4afac81124ac4b283e2bd4d9720b30beaf"
  integrity sha1-M/McSvrIESSsSyg+K9TZcgswvq8=
  dependencies:
    bn.js "^5.2.0"

safe-buffer@^5.0.1, safe-buffer@^5.1.0, safe-buffer@^5.1.1, safe-buffer@^5.1.2, safe-buffer@^5.2.0, safe-buffer@~5.2.0:
  version "5.2.1"
  resolved "https://registry.npm.alibaba-inc.com/safe-buffer/download/safe-buffer-5.2.1.tgz#1eaf9fa9bdb1fdd4ec75f58f9cdb4e6b7827eec6"
  integrity sha1-Hq+fqb2x/dTsdfWPnNtOa3gn7sY=

safe-buffer@~5.1.0, safe-buffer@~5.1.1:
  version "5.1.2"
  resolved "https://registry.npm.alibaba-inc.com/safe-buffer/download/safe-buffer-5.1.2.tgz#991ec69d296e0313747d59bdfd2b745c35f8828d"
  integrity sha1-mR7GnSluAxN0fVm9/St0XDX4go0=

safer-buffer@^2.1.0:
  version "2.1.2"
  resolved "https://registry.npm.alibaba-inc.com/safer-buffer/download/safer-buffer-2.1.2.tgz#44fa161b0187b9549dd84bb91802f9bd8385cd6a"
  integrity sha1-RPoWGwGHuVSd2Eu5GAL5vYOFzWo=

secp256k1@^3.8.0:
  version "3.8.0"
  resolved "https://registry.npm.alibaba-inc.com/secp256k1/download/secp256k1-3.8.0.tgz#28f59f4b01dbee9575f56a47034b7d2e3b3b352d"
  integrity sha1-KPWfSwHb7pV19WpHA0t9Ljs7NS0=
  dependencies:
    bindings "^1.5.0"
    bip66 "^1.1.5"
    bn.js "^4.11.8"
    create-hash "^1.2.0"
    drbg.js "^1.0.1"
    elliptic "^6.5.2"
    nan "^2.14.0"
    safe-buffer "^5.1.2"

sha.js@^2.4.0, sha.js@^2.4.8:
  version "2.4.11"
  resolved "https://registry.npm.alibaba-inc.com/sha.js/download/sha.js-2.4.11.tgz#37a5cf0b81ecbc6943de109ba2960d1b26584ae7"
  integrity sha1-N6XPC4HsvGlD3hCbopYNGyZYSuc=
  dependencies:
    inherits "^2.0.1"
    safe-buffer "^5.0.1"

string_decoder@^1.1.1:
  version "1.3.0"
  resolved "https://registry.npm.alibaba-inc.com/string_decoder/download/string_decoder-1.3.0.tgz#42f114594a46cf1a8e30b0a84f56c78c3edac21e"
  integrity sha1-QvEUWUpGzxqOMLCoT1bHjD7awh4=
  dependencies:
    safe-buffer "~5.2.0"

string_decoder@~1.1.1:
  version "1.1.1"
  resolved "https://registry.npm.alibaba-inc.com/string_decoder/download/string_decoder-1.1.1.tgz#9cf1611ba62685d7030ae9e4ba34149c3af03fc8"
  integrity sha1-nPFhG6YmhdcDCunkujQUnDrwP8g=
  dependencies:
    safe-buffer "~5.1.0"

tslib@^2.3.1:
  version "2.4.0"
  resolved "https://registry.npm.alibaba-inc.com/tslib/download/tslib-2.4.0.tgz#7cecaa7f073ce680a05847aa77be941098f36dc3"
  integrity sha512-d6xOpEDfsi2CZVlPQzGeux8XMwLT9hssAsaPYExaQMuYskwb+x1x7J371tWlbBdWHroy99KnVB6qIkUbs5X3UQ==

util-deprecate@^1.0.1, util-deprecate@~1.0.1:
  version "1.0.2"
  resolved "https://registry.npm.alibaba-inc.com/util-deprecate/download/util-deprecate-1.0.2.tgz#450d4dc9fa70de732762fbd2d4a28981419a0ccf"
  integrity sha1-RQ1Nyfpw3nMnYvvS1KKJgUGaDM8=

uuid@^8.3.2:
  version "8.3.2"
  resolved "https://registry.npm.alibaba-inc.com/uuid/download/uuid-8.3.2.tgz#80d5b5ced271bb9af6c445f21a1a04c606cefbe2"
  integrity sha1-gNW1ztJxu5r2xEXyGhoExgbO++I=

wrappy@1:
  version "1.0.2"
  resolved "https://registry.npm.alibaba-inc.com/wrappy/download/wrappy-1.0.2.tgz#b5243d8f3ec1aa35f1364605bc0d1036e30ab69f"
  integrity sha1-tSQ9jz7BqjXxNkYFvA0QNuMKtp8=
